
Microsoft Visual Studio Solution File, Format Version 12.00
# Visual Studio Version 17
VisualStudioVersion = 17.14.36623.8
MinimumVisualStudioVersion = 10.0.40219.1
Project("{FAE04EC0-301F-11D3-BF4B-00C04F79EFBC}") = "API", "API\API.csproj", "{D510C9A2-621D-44DB-BDC9-621B711E86BA}"
EndProject
Project("{FAE04EC0-301F-11D3-BF4B-00C04F79EFBC}") = "Core", "Core\Core.csproj", "{E1E5520C-1578-4C99-A47E-719B51861586}"
EndProject
Project("{FAE04EC0-301F-11D3-BF4B-00C04F79EFBC}") = "Infrastructure", "Infrastructure\Infrastructure.csproj", "{87611FF0-A9B4-40A6-95B5-A34BFCE3C1DD}"
EndProject
Project("{FAE04EC0-301F-11D3-BF4B-00C04F79EFBC}") = "Application", "Application\Application.csproj", "{8330BD9E-3CE1-4574-B699-D6FD632E1931}"
EndProject
Global
	GlobalSection(SolutionConfigurationPlatforms) = preSolution
		Debug|Any CPU = Debug|Any CPU
		Release|Any CPU = Release|Any CPU
	EndGlobalSection
	GlobalSection(ProjectConfigurationPlatforms) = postSolution
		{D510C9A2-621D-44DB-BDC9-621B711E86BA}.Debug|Any CPU.ActiveCfg = Debug|Any CPU
		{D510C9A2-621D-44DB-BDC9-621B711E86BA}.Debug|Any CPU.Build.0 = Debug|Any CPU
		{D510C9A2-621D-44DB-BDC9-621B711E86BA}.Release|Any CPU.ActiveCfg = Release|Any CPU
		{D510C9A2-621D-44DB-BDC9-621B711E86BA}.Release|Any CPU.Build.0 = Release|Any CPU
		{E1E5520C-1578-4C99-A47E-719B51861586}.Debug|Any CPU.ActiveCfg = Debug|Any CPU
		{E1E5520C-1578-4C99-A47E-719B51861586}.Debug|Any CPU.Build.0 = Debug|Any CPU
		{E1E5520C-1578-4C99-A47E-719B51861586}.Release|Any CPU.ActiveCfg = Release|Any CPU
		{E1E5520C-1578-4C99-A47E-719B51861586}.Release|Any CPU.Build.0 = Release|Any CPU
		{87611FF0-A9B4-40A6-95B5-A34BFCE3C1DD}.Debug|Any CPU.ActiveCfg = Debug|Any CPU
		{87611FF0-A9B4-40A6-95B5-A34BFCE3C1DD}.Debug|Any CPU.Build.0 = Debug|Any CPU
		{87611FF0-A9B4-40A6-95B5-A34BFCE3C1DD}.Release|Any CPU.ActiveCfg = Release|Any CPU
		{87611FF0-A9B4-40A6-95B5-A34BFCE3C1DD}.Release|Any CPU.Build.0 = Release|Any CPU
		{8330BD9E-3CE1-4574-B699-D6FD632E1931}.Debug|Any CPU.ActiveCfg = Debug|Any CPU
		{8330BD9E-3CE1-4574-B699-D6FD632E1931}.Debug|Any CPU.Build.0 = Debug|Any CPU
		{8330BD9E-3CE1-4574-B699-D6FD632E1931}.Release|Any CPU.ActiveCfg = Release|Any CPU
		{8330BD9E-3CE1-4574-B699-D6FD632E1931}.Release|Any CPU.Build.0 = Release|Any CPU
	EndGlobalSection
	GlobalSection(SolutionProperties) = preSolution
		HideSolutionNode = FALSE
	EndGlobalSection
	GlobalSection(ExtensibilityGlobals) = postSolution
		SolutionGuid = {0C2F5A42-DE88-4C73-A216-D26270BBAB69}
	EndGlobalSection
EndGlobal
